
Microsoft Visual Studio Solution File, Format Version 12.00
# Visual Studio Version 16
VisualStudioVersion = 16.0.30907.101
MinimumVisualStudioVersion = 10.0.40219.1
Project("{FAE04EC0-301F-11D3-BF4B-00C04F79EFBC}") = "ClassMetotDemo", "ClassMetotDemo\ClassMetotDemo.csproj", "{681F3FF7-112A-4602-85BF-CC7ACD29BDC2}"
EndProject
Global
	GlobalSection(SolutionConfigurationPlatforms) = preSolution
		Debug|Any CPU = Debug|Any CPU
		Release|Any CPU = Release|Any CPU
	EndGlobalSection
	GlobalSection(ProjectConfigurationPlatforms) = postSolution
		{681F3FF7-112A-4602-85BF-CC7ACD29BDC2}.Debug|Any CPU.ActiveCfg = Debug|Any CPU
		{681F3FF7-112A-4602-85BF-CC7ACD29BDC2}.Debug|Any CPU.Build.0 = Debug|Any CPU
		{681F3FF7-112A-4602-85BF-CC7ACD29BDC2}.Release|Any CPU.ActiveCfg = Release|Any CPU
		{681F3FF7-112A-4602-85BF-CC7ACD29BDC2}.Release|Any CPU.Build.0 = Release|Any CPU
	EndGlobalSection
	GlobalSection(SolutionProperties) = preSolution
		HideSolutionNode = FALSE
	EndGlobalSection
	GlobalSection(ExtensibilityGlobals) = postSolution
		SolutionGuid = {A11D4822-354D-41B5-A659-062E9E19B27A}
	EndGlobalSection
EndGlobal
